
Microsoft Visual Studio Solution File, Format Version 12.00
# Visual Studio 15
VisualStudioVersion = 15.0.28307.1209
MinimumVisualStudioVersion = 10.0.40219.1
Project("{FAE04EC0-301F-11D3-BF4B-00C04F79EFBC}") = "ExerciciosSobreEstruturaCondicional7", "ExerciciosSobreEstruturaCondicional7\ExerciciosSobreEstruturaCondicional7.csproj", "{5A92446D-1981-4EB2-BC06-E6A7BD065EF9}"
EndProject
Global
	GlobalSection(SolutionConfigurationPlatforms) = preSolution
		Debug|Any CPU = Debug|Any CPU
		Release|Any CPU = Release|Any CPU
	EndGlobalSection
	GlobalSection(ProjectConfigurationPlatforms) = postSolution
		{5A92446D-1981-4EB2-BC06-E6A7BD065EF9}.Debug|Any CPU.ActiveCfg = Debug|Any CPU
		{5A92446D-1981-4EB2-BC06-E6A7BD065EF9}.Debug|Any CPU.Build.0 = Debug|Any CPU
		{5A92446D-1981-4EB2-BC06-E6A7BD065EF9}.Release|Any CPU.ActiveCfg = Release|Any CPU
		{5A92446D-1981-4EB2-BC06-E6A7BD065EF9}.Release|Any CPU.Build.0 = Release|Any CPU
	EndGlobalSection
	GlobalSection(SolutionProperties) = preSolution
		HideSolutionNode = FALSE
	EndGlobalSection
	GlobalSection(ExtensibilityGlobals) = postSolution
		SolutionGuid = {B3EAC926-A99D-4A2C-8C06-C03DAF8BBF75}
	EndGlobalSection
EndGlobal
